PODS:
  - Capacitor (5.7.4):
    - CapacitorCordova
  - CapacitorApp (5.0.7):
    - Capacitor
  - CapacitorCordova (5.7.4)
  - CapacitorHaptics (5.0.7):
    - Capacitor
  - CapacitorKeyboard (5.0.8):
    - Capacitor
  - IonicEnterpriseIntune (4.0.0):
    - Capacitor

DEPENDENCIES:
  - "Capacitor (from `../../node_modules/@capacitor/ios`)"
  - "CapacitorApp (from `../../node_modules/@capacitor/app`)"
  - "CapacitorCordova (from `../../node_modules/@capacitor/ios`)"
  - "CapacitorHaptics (from `../../node_modules/@capacitor/haptics`)"
  - "CapacitorKeyboard (from `../../node_modules/@capacitor/keyboard`)"
  - "IonicEnterpriseIntune (from `../../node_modules/@ionic-enterprise/intune`)"

EXTERNAL SOURCES:
  Capacitor:
    :path: "../../node_modules/@capacitor/ios"
  CapacitorApp:
    :path: "../../node_modules/@capacitor/app"
  CapacitorCordova:
    :path: "../../node_modules/@capacitor/ios"
  CapacitorHaptics:
    :path: "../../node_modules/@capacitor/haptics"
  CapacitorKeyboard:
    :path: "../../node_modules/@capacitor/keyboard"
  IonicEnterpriseIntune:
    :path: "../../node_modules/@ionic-enterprise/intune"

SPEC CHECKSUMS:
  Capacitor: 4fe9adf012caceb4c71ffea2f1f4d005cdcbeea7
  CapacitorApp: 17fecd0e6cb23feafac7eb0939417389038b0979
  CapacitorCordova: a6e87fccc0307dee7aec1560ec9398485f2b0ce7
  CapacitorHaptics: 7c7c206f0c96a628fed073830c96d28c4b2e772e
  CapacitorKeyboard: aec619a578235c6ce279075009a2689c2cf5c42c
  IonicEnterpriseIntune: 8c07f800e23b4aa6f7620044c8dfff6c2e2c2add

PODFILE CHECKSUM: f67964d447371c45dbdd5687b997959d89864496

COCOAPODS: 1.14.3
